
Microsoft Visual Studio Solution File, Format Version 12.00
# Visual Studio Version 17
VisualStudioVersion = 17.0.31912.275
MinimumVisualStudioVersion = 10.0.40219.1
Project("{FAE04EC0-301F-11D3-BF4B-00C04F79EFBC}") = "CapaDatos", "CapaDAtos\CapaDatos.csproj", "{F8395DE4-1AD8-4618-A3BA-210AC422BF73}"
EndProject
Project("{FAE04EC0-301F-11D3-BF4B-00C04F79EFBC}") = "CapaNegocio", "CapaNegocio\CapaNegocio.csproj", "{B3A898CC-DD0B-43C7-899E-3B9EF518EA11}"
EndProject
Project("{FAE04EC0-301F-11D3-BF4B-00C04F79EFBC}") = "CapaPresentacion", "CapaPresentacion\CapaPresentacion.csproj", "{1096A377-CA1D-4B65-AF6C-0A9BE044042F}"
EndProject
Global
	GlobalSection(SolutionConfigurationPlatforms) = preSolution
		Debug|Any CPU = Debug|Any CPU
		Release|Any CPU = Release|Any CPU
	EndGlobalSection
	GlobalSection(ProjectConfigurationPlatforms) = postSolution
		{F8395DE4-1AD8-4618-A3BA-210AC422BF73}.Debug|Any CPU.ActiveCfg = Debug|Any CPU
		{F8395DE4-1AD8-4618-A3BA-210AC422BF73}.Debug|Any CPU.Build.0 = Debug|Any CPU
		{F8395DE4-1AD8-4618-A3BA-210AC422BF73}.Release|Any CPU.ActiveCfg = Release|Any CPU
		{F8395DE4-1AD8-4618-A3BA-210AC422BF73}.Release|Any CPU.Build.0 = Release|Any CPU
		{B3A898CC-DD0B-43C7-899E-3B9EF518EA11}.Debug|Any CPU.ActiveCfg = Debug|Any CPU
		{B3A898CC-DD0B-43C7-899E-3B9EF518EA11}.Debug|Any CPU.Build.0 = Debug|Any CPU
		{B3A898CC-DD0B-43C7-899E-3B9EF518EA11}.Release|Any CPU.ActiveCfg = Release|Any CPU
		{B3A898CC-DD0B-43C7-899E-3B9EF518EA11}.Release|Any CPU.Build.0 = Release|Any CPU
		{1096A377-CA1D-4B65-AF6C-0A9BE044042F}.Debug|Any CPU.ActiveCfg = Debug|Any CPU
		{1096A377-CA1D-4B65-AF6C-0A9BE044042F}.Debug|Any CPU.Build.0 = Debug|Any CPU
		{1096A377-CA1D-4B65-AF6C-0A9BE044042F}.Release|Any CPU.ActiveCfg = Release|Any CPU
		{1096A377-CA1D-4B65-AF6C-0A9BE044042F}.Release|Any CPU.Build.0 = Release|Any CPU
	EndGlobalSection
	GlobalSection(SolutionProperties) = preSolution
		HideSolutionNode = FALSE
	EndGlobalSection
	GlobalSection(ExtensibilityGlobals) = postSolution
		SolutionGuid = {1D03D0DE-A77B-4D64-A9DB-FCA47984A3C6}
	EndGlobalSection
EndGlobal
